
Microsoft Visual Studio Solution File, Format Version 12.00
# Visual Studio Version 17
VisualStudioVersion = 17.2.32519.379
MinimumVisualStudioVersion = 10.0.40219.1
Project("{FAE04EC0-301F-11D3-BF4B-00C04F79EFBC}") = "Exercise3_071", "Exercise3_071\Exercise3_071.csproj", "{CA0022BD-2D49-43FD-BBC7-AB50A27D0A77}"
EndProject
Global
	GlobalSection(SolutionConfigurationPlatforms) = preSolution
		Debug|Any CPU = Debug|Any CPU
		Release|Any CPU = Release|Any CPU
	EndGlobalSection
	GlobalSection(ProjectConfigurationPlatforms) = postSolution
		{CA0022BD-2D49-43FD-BBC7-AB50A27D0A77}.Debug|Any CPU.ActiveCfg = Debug|Any CPU
		{CA0022BD-2D49-43FD-BBC7-AB50A27D0A77}.Debug|Any CPU.Build.0 = Debug|Any CPU
		{CA0022BD-2D49-43FD-BBC7-AB50A27D0A77}.Release|Any CPU.ActiveCfg = Release|Any CPU
		{CA0022BD-2D49-43FD-BBC7-AB50A27D0A77}.Release|Any CPU.Build.0 = Release|Any CPU
	EndGlobalSection
	GlobalSection(SolutionProperties) = preSolution
		HideSolutionNode = FALSE
	EndGlobalSection
	GlobalSection(ExtensibilityGlobals) = postSolution
		SolutionGuid = {BB5384BC-22F9-4539-B36F-AC80E5992C27}
	EndGlobalSection
EndGlobal
